
Microsoft Visual Studio Solution File, Format Version 12.00
# Visual Studio Express 2012 for Windows Desktop
Project("{FAE04EC0-301F-11D3-BF4B-00C04F79EFBC}") = "mr_Exercise3", "mr_Exercise3\mr_Exercise3.csproj", "{31DBF348-6F78-4425-8F56-01DDC2D05854}"
EndProject
Global
	GlobalSection(SolutionConfigurationPlatforms) = preSolution
		Debug|Any CPU = Debug|Any CPU
		Release|Any CPU = Release|Any CPU
	EndGlobalSection
	GlobalSection(ProjectConfigurationPlatforms) = postSolution
		{31DBF348-6F78-4425-8F56-01DDC2D05854}.Debug|Any CPU.ActiveCfg = Debug|Any CPU
		{31DBF348-6F78-4425-8F56-01DDC2D05854}.Debug|Any CPU.Build.0 = Debug|Any CPU
		{31DBF348-6F78-4425-8F56-01DDC2D05854}.Release|Any CPU.ActiveCfg = Release|Any CPU
		{31DBF348-6F78-4425-8F56-01DDC2D05854}.Release|Any CPU.Build.0 = Release|Any CPU
	EndGlobalSection
	GlobalSection(SolutionProperties) = preSolution
		HideSolutionNode = FALSE
	EndGlobalSection
EndGlobal
